
Microsoft Visual Studio Solution File, Format Version 12.00
# Visual Studio Version 17
VisualStudioVersion = 17.5.33530.505
MinimumVisualStudioVersion = 10.0.40219.1
Project("{9A19103F-16F7-4668-BE54-9A1E7A4F7556}") = "RoslynCat", "RoslynCat\RoslynCat.csproj", "{84A6CC1C-E415-4D91-B6A2-1F1F8983C74D}"
EndProject
Project("{9A19103F-16F7-4668-BE54-9A1E7A4F7556}") = "RoslynCatUI", "RoslynCatUI\RoslynCatUI.csproj", "{E998C327-D8F2-497D-9A66-3566C7395DB9}"
EndProject
Global
	GlobalSection(SolutionConfigurationPlatforms) = preSolution
		Debug|Any CPU = Debug|Any CPU
		Release|Any CPU = Release|Any CPU
	EndGlobalSection
	GlobalSection(ProjectConfigurationPlatforms) = postSolution
		{84A6CC1C-E415-4D91-B6A2-1F1F8983C74D}.Debug|Any CPU.ActiveCfg = Debug|Any CPU
		{84A6CC1C-E415-4D91-B6A2-1F1F8983C74D}.Debug|Any CPU.Build.0 = Debug|Any CPU
		{84A6CC1C-E415-4D91-B6A2-1F1F8983C74D}.Release|Any CPU.ActiveCfg = Release|Any CPU
		{84A6CC1C-E415-4D91-B6A2-1F1F8983C74D}.Release|Any CPU.Build.0 = Release|Any CPU
		{E998C327-D8F2-497D-9A66-3566C7395DB9}.Debug|Any CPU.ActiveCfg = Debug|Any CPU
		{E998C327-D8F2-497D-9A66-3566C7395DB9}.Debug|Any CPU.Build.0 = Debug|Any CPU
		{E998C327-D8F2-497D-9A66-3566C7395DB9}.Release|Any CPU.ActiveCfg = Release|Any CPU
		{E998C327-D8F2-497D-9A66-3566C7395DB9}.Release|Any CPU.Build.0 = Release|Any CPU
	EndGlobalSection
	GlobalSection(SolutionProperties) = preSolution
		HideSolutionNode = FALSE
	EndGlobalSection
	GlobalSection(ExtensibilityGlobals) = postSolution
		SolutionGuid = {0C3FD3EB-3AB9-4A6E-8464-629C59401275}
	EndGlobalSection
EndGlobal
